
Microsoft Visual Studio Solution File, Format Version 12.00
# Visual Studio 2012
Project("{FAE04EC0-301F-11D3-BF4B-00C04F79EFBC}") = "BasicTest", "BasicTest\BasicTest.csproj", "{8048F20B-87D2-4073-A6B1-5DF490AD371B}"
EndProject
Project("{FAE04EC0-301F-11D3-BF4B-00C04F79EFBC}") = "BasicTest.iOS", "iOS\BasicTest.iOS.csproj", "{B77E74AA-7D39-4284-92AF-39297620E81C}"
EndProject
Project("{FAE04EC0-301F-11D3-BF4B-00C04F79EFBC}") = "BasicTest.Droid", "Droid\BasicTest.Droid.csproj", "{8D858E56-9F3A-4292-B044-74B6BA61FF5B}"
EndProject
Global
	GlobalSection(SolutionConfigurationPlatforms) = preSolution
		Debug|Any CPU = Debug|Any CPU
		Release|Any CPU = Release|Any CPU
		Debug|iPhoneSimulator = Debug|iPhoneSimulator
		Release|iPhone = Release|iPhone
		Release|iPhoneSimulator = Release|iPhoneSimulator
		Debug|iPhone = Debug|iPhone
	EndGlobalSection
	GlobalSection(ProjectConfigurationPlatforms) = postSolution
		{8048F20B-87D2-4073-A6B1-5DF490AD371B}.Debug|Any CPU.ActiveCfg = Debug|Any CPU
		{8048F20B-87D2-4073-A6B1-5DF490AD371B}.Debug|Any CPU.Build.0 = Debug|Any CPU
		{8048F20B-87D2-4073-A6B1-5DF490AD371B}.Release|Any CPU.ActiveCfg = Release|Any CPU
		{8048F20B-87D2-4073-A6B1-5DF490AD371B}.Release|Any CPU.Build.0 = Release|Any CPU
		{8048F20B-87D2-4073-A6B1-5DF490AD371B}.Debug|iPhoneSimulator.ActiveCfg = Debug|Any CPU
		{8048F20B-87D2-4073-A6B1-5DF490AD371B}.Debug|iPhoneSimulator.Build.0 = Debug|Any CPU
		{8048F20B-87D2-4073-A6B1-5DF490AD371B}.Release|iPhone.ActiveCfg = Release|Any CPU
		{8048F20B-87D2-4073-A6B1-5DF490AD371B}.Release|iPhone.Build.0 = Release|Any CPU
		{8048F20B-87D2-4073-A6B1-5DF490AD371B}.Release|iPhoneSimulator.ActiveCfg = Release|Any CPU
		{8048F20B-87D2-4073-A6B1-5DF490AD371B}.Release|iPhoneSimulator.Build.0 = Release|Any CPU
		{8048F20B-87D2-4073-A6B1-5DF490AD371B}.Debug|iPhone.ActiveCfg = Debug|Any CPU
		{8048F20B-87D2-4073-A6B1-5DF490AD371B}.Debug|iPhone.Build.0 = Debug|Any CPU
		{B77E74AA-7D39-4284-92AF-39297620E81C}.Debug|Any CPU.ActiveCfg = Debug|iPhoneSimulator
		{B77E74AA-7D39-4284-92AF-39297620E81C}.Debug|Any CPU.Build.0 = Debug|iPhoneSimulator
		{B77E74AA-7D39-4284-92AF-39297620E81C}.Release|Any CPU.ActiveCfg = Release|iPhone
		{B77E74AA-7D39-4284-92AF-39297620E81C}.Release|Any CPU.Build.0 = Release|iPhone
		{B77E74AA-7D39-4284-92AF-39297620E81C}.Debug|iPhoneSimulator.ActiveCfg = Debug|iPhoneSimulator
		{B77E74AA-7D39-4284-92AF-39297620E81C}.Debug|iPhoneSimulator.Build.0 = Debug|iPhoneSimulator
		{B77E74AA-7D39-4284-92AF-39297620E81C}.Release|iPhone.ActiveCfg = Release|iPhone
		{B77E74AA-7D39-4284-92AF-39297620E81C}.Release|iPhone.Build.0 = Release|iPhone
		{B77E74AA-7D39-4284-92AF-39297620E81C}.Release|iPhoneSimulator.ActiveCfg = Release|iPhoneSimulator
		{B77E74AA-7D39-4284-92AF-39297620E81C}.Release|iPhoneSimulator.Build.0 = Release|iPhoneSimulator
		{B77E74AA-7D39-4284-92AF-39297620E81C}.Debug|iPhone.ActiveCfg = Debug|iPhone
		{B77E74AA-7D39-4284-92AF-39297620E81C}.Debug|iPhone.Build.0 = Debug|iPhone
		{8D858E56-9F3A-4292-B044-74B6BA61FF5B}.Debug|Any CPU.ActiveCfg = Debug|Any CPU
		{8D858E56-9F3A-4292-B044-74B6BA61FF5B}.Debug|Any CPU.Build.0 = Debug|Any CPU
		{8D858E56-9F3A-4292-B044-74B6BA61FF5B}.Release|Any CPU.ActiveCfg = Release|Any CPU
		{8D858E56-9F3A-4292-B044-74B6BA61FF5B}.Release|Any CPU.Build.0 = Release|Any CPU
		{8D858E56-9F3A-4292-B044-74B6BA61FF5B}.Debug|iPhoneSimulator.ActiveCfg = Debug|Any CPU
		{8D858E56-9F3A-4292-B044-74B6BA61FF5B}.Debug|iPhoneSimulator.Build.0 = Debug|Any CPU
		{8D858E56-9F3A-4292-B044-74B6BA61FF5B}.Release|iPhone.ActiveCfg = Release|Any CPU
		{8D858E56-9F3A-4292-B044-74B6BA61FF5B}.Release|iPhone.Build.0 = Release|Any CPU
		{8D858E56-9F3A-4292-B044-74B6BA61FF5B}.Release|iPhoneSimulator.ActiveCfg = Release|Any CPU
		{8D858E56-9F3A-4292-B044-74B6BA61FF5B}.Release|iPhoneSimulator.Build.0 = Release|Any CPU
		{8D858E56-9F3A-4292-B044-74B6BA61FF5B}.Debug|iPhone.ActiveCfg = Debug|Any CPU
		{8D858E56-9F3A-4292-B044-74B6BA61FF5B}.Debug|iPhone.Build.0 = Debug|Any CPU
	EndGlobalSection
EndGlobal
